{
  "projects": [
    {
      "projectId": "seaQhLVS4bbjiGvJJrRwyL",
      "version": "15.0.3",
      "dependencies": {},
      "lang": "ts",
      "fileLocks": [
        {
          "assetId": "seaQhLVS4bbjiGvJJrRwyL",
          "type": "projectCss",
          "checksum": "92fb3f0ca07a8916b2b57cc87f1b539e"
        }
      ],
      "codegenVersion": "0.0.1"
    },
    {
      "projectId": "fFJHtbGqcaWW2c2Nmp4MzF",
      "version": "latest",
      "dependencies": {
        "seaQhLVS4bbjiGvJJrRwyL": "15.0.3"
      },
      "lang": "ts",
      "fileLocks": [
        {
          "type": "globalVariant",
          "assetId": "8YV2MsPbyERLEv",
          "checksum": "a6a8356e4081e741b10626c65549ddc7"
        },
        {
          "type": "renderModule",
          "assetId": "JCpp86h6tZC5L",
          "checksum": "77c199811bdb9e862d0825155e3f83db"
        },
        {
          "type": "cssRules",
          "assetId": "JCpp86h6tZC5L",
          "checksum": "77c199811bdb9e862d0825155e3f83db"
        },
        {
          "type": "renderModule",
          "assetId": "yst91SIuD0z2o",
          "checksum": "6c51c1b8ac89ef355c508b8850bc7349"
        },
        {
          "type": "cssRules",
          "assetId": "yst91SIuD0z2o",
          "checksum": "6c51c1b8ac89ef355c508b8850bc7349"
        },
        {
          "type": "renderModule",
          "assetId": "_jH-vUy8igQ4z",
          "checksum": "3575e604e59552438c549a7002fc7d0a"
        },
        {
          "type": "cssRules",
          "assetId": "_jH-vUy8igQ4z",
          "checksum": "3575e604e59552438c549a7002fc7d0a"
        },
        {
          "type": "renderModule",
          "assetId": "emzhRmosz4SaW",
          "checksum": "1438077f8bb6227ea40e7cc70dadd99c"
        },
        {
          "type": "cssRules",
          "assetId": "emzhRmosz4SaW",
          "checksum": "1438077f8bb6227ea40e7cc70dadd99c"
        },
        {
          "type": "renderModule",
          "assetId": "Q6zRT60FMv7L-",
          "checksum": "c7ca5cc76392e8c8b9ad5e9a8bf1c04c"
        },
        {
          "type": "cssRules",
          "assetId": "Q6zRT60FMv7L-",
          "checksum": "c7ca5cc76392e8c8b9ad5e9a8bf1c04c"
        },
        {
          "type": "renderModule",
          "assetId": "oTnwpQawil_Di",
          "checksum": "698232247788dfba454bac2ed070a377"
        },
        {
          "type": "cssRules",
          "assetId": "oTnwpQawil_Di",
          "checksum": "698232247788dfba454bac2ed070a377"
        },
        {
          "type": "renderModule",
          "assetId": "kgwl9AdjE1pjcY",
          "checksum": "053c9f21e5f9a81704db3afe53f0368a"
        },
        {
          "type": "cssRules",
          "assetId": "kgwl9AdjE1pjcY",
          "checksum": "053c9f21e5f9a81704db3afe53f0368a"
        },
        {
          "type": "renderModule",
          "assetId": "3ij4T5NC7K_BN7",
          "checksum": "e4e05ed5fe066f784056848e20d024ba"
        },
        {
          "type": "cssRules",
          "assetId": "3ij4T5NC7K_BN7",
          "checksum": "e4e05ed5fe066f784056848e20d024ba"
        },
        {
          "type": "renderModule",
          "assetId": "F3nMLssYbNVs-",
          "checksum": "07499ad671d241c84c72087e293cf3ee"
        },
        {
          "type": "cssRules",
          "assetId": "F3nMLssYbNVs-",
          "checksum": "07499ad671d241c84c72087e293cf3ee"
        },
        {
          "type": "renderModule",
          "assetId": "RL2n4iHAK-VBA",
          "checksum": "45c293d8fcc4db8ebbd96cac4be91147"
        },
        {
          "type": "cssRules",
          "assetId": "RL2n4iHAK-VBA",
          "checksum": "45c293d8fcc4db8ebbd96cac4be91147"
        },
        {
          "type": "renderModule",
          "assetId": "kzng3vFlBnMD7",
          "checksum": "1537be50cb16cdc39d5ddf458ab19966"
        },
        {
          "type": "cssRules",
          "assetId": "kzng3vFlBnMD7",
          "checksum": "1537be50cb16cdc39d5ddf458ab19966"
        },
        {
          "type": "renderModule",
          "assetId": "3n8BC68tkVi7t",
          "checksum": "ddfdf1eab86620ed8790ea8fb9ae27b7"
        },
        {
          "type": "cssRules",
          "assetId": "3n8BC68tkVi7t",
          "checksum": "ddfdf1eab86620ed8790ea8fb9ae27b7"
        },
        {
          "type": "renderModule",
          "assetId": "vCrA6_psD6Ory",
          "checksum": "c0670818a46fa6260336894a669d20b4"
        },
        {
          "type": "cssRules",
          "assetId": "vCrA6_psD6Ory",
          "checksum": "c0670818a46fa6260336894a669d20b4"
        },
        {
          "type": "renderModule",
          "assetId": "VCwli71SrazLZ",
          "checksum": "4f5303ea419144aec01d6d395970d0d4"
        },
        {
          "type": "cssRules",
          "assetId": "VCwli71SrazLZ",
          "checksum": "4f5303ea419144aec01d6d395970d0d4"
        },
        {
          "type": "renderModule",
          "assetId": "xQZqj_08OeywF",
          "checksum": "14f34b65bcbdf7d009136397e7ed7370"
        },
        {
          "type": "cssRules",
          "assetId": "xQZqj_08OeywF",
          "checksum": "14f34b65bcbdf7d009136397e7ed7370"
        },
        {
          "type": "renderModule",
          "assetId": "bNISewQ8dYFBQ",
          "checksum": "6a6511bb954f33185d282f2b98e5f8b1"
        },
        {
          "type": "cssRules",
          "assetId": "bNISewQ8dYFBQ",
          "checksum": "6a6511bb954f33185d282f2b98e5f8b1"
        },
        {
          "type": "renderModule",
          "assetId": "ROtQgIK8xA0Q98",
          "checksum": "b0efea2fd5e66d72ba139054f93f0593"
        },
        {
          "type": "cssRules",
          "assetId": "ROtQgIK8xA0Q98",
          "checksum": "b0efea2fd5e66d72ba139054f93f0593"
        },
        {
          "type": "icon",
          "assetId": "EsYzSLVu-DWVRk",
          "checksum": "65198851cdde8c03a41057a65be35b5b"
        },
        {
          "type": "icon",
          "assetId": "IWVxH3rBjepaWe",
          "checksum": "a684fb633bf2fe5652015d603ec11bef"
        },
        {
          "type": "icon",
          "assetId": "IjxDryWYLISGDF",
          "checksum": "2d6f25b5ea6640b05ff50584028f7a04"
        },
        {
          "type": "icon",
          "assetId": "DWS2yxSwFLDRm5",
          "checksum": "8aa2de4d842d3b58d95906ee6415cd44"
        },
        {
          "type": "icon",
          "assetId": "GiAiL3zfcxXIzt",
          "checksum": "ccea7814b0a920735e2d6eb2ab4f5778"
        },
        {
          "type": "icon",
          "assetId": "n33bDf_FTdyx_Q",
          "checksum": "a5cabf747998203c28bb28c9565deaf8"
        },
        {
          "type": "icon",
          "assetId": "nq_ltjNligTFR3",
          "checksum": "1905492fc194e2d1d0961cb828ed22f2"
        },
        {
          "type": "icon",
          "assetId": "qQV9L87IcmQItY",
          "checksum": "948cb1579cf1377a8d11baff9e11b795"
        },
        {
          "type": "icon",
          "assetId": "OjL10TYsQX13Bx",
          "checksum": "385874b08b05e66442df11f89aa9666e"
        },
        {
          "type": "icon",
          "assetId": "hci2Q6M9HB0ZxI",
          "checksum": "67cdd1a6c6981b95295f325feb6f015e"
        },
        {
          "type": "icon",
          "assetId": "N4TfQ1QkFc-28x",
          "checksum": "88f855a6e83d7ed63723ca6fb7a54a9c"
        },
        {
          "type": "icon",
          "assetId": "TesJh9RZeVMt_9",
          "checksum": "d09d068fa5d17323ebd2db8ff88dbc3a"
        },
        {
          "type": "icon",
          "assetId": "ghu5cu9dmLAY3g",
          "checksum": "2270873f52ffbe6c3bcb0af4d1b8147e"
        },
        {
          "type": "icon",
          "assetId": "oB9V6v-g2jxMIi",
          "checksum": "1a81d8e32fb420610a7091b8b20bbdab"
        },
        {
          "type": "icon",
          "assetId": "m0Pmf9C3vOpdWq",
          "checksum": "51ebccb51469bb23c30c361205071c9d"
        },
        {
          "type": "icon",
          "assetId": "6PAFq---ltpBiD",
          "checksum": "0484937d9f44ab7a75cf8eb71974cb92"
        },
        {
          "type": "icon",
          "assetId": "5gW0HIyTjRdVug",
          "checksum": "3f8bb89e849f9f402975c857e2d1edd3"
        },
        {
          "type": "icon",
          "assetId": "6sB0oZzzzcbxGp",
          "checksum": "aab3246f608878b76e21a57bb360d40f"
        },
        {
          "type": "icon",
          "assetId": "FM_sSqJaM0F5Gp",
          "checksum": "8b4cd6bb6c71842ae1ecab5948e60011"
        },
        {
          "type": "icon",
          "assetId": "CVZoFZRCdEF99n",
          "checksum": "817f81926730fe83625dd264662d9acf"
        },
        {
          "type": "icon",
          "assetId": "ZCo1t9j8SbIq6d",
          "checksum": "8ded5f9d61151644bc70ef7974aec7d9"
        },
        {
          "type": "icon",
          "assetId": "tZVSSlQAEBBnV6",
          "checksum": "599409677d8d711439dd6385d815f494"
        },
        {
          "type": "image",
          "assetId": "g3he8edGkOw9pv",
          "checksum": "3b59e9f1cf76e7c12a4275d6a242ba21"
        },
        {
          "type": "image",
          "assetId": "mUb_3dzxWnUIQ1",
          "checksum": "c97ca0b2ae480ca7fdafacebde77cc8a"
        },
        {
          "type": "image",
          "assetId": "YUoM0-vbQvo1Bu",
          "checksum": "e9024285260be9843bd5fc37e7e1b0bf"
        },
        {
          "type": "image",
          "assetId": "FOg73lwEjwg5ud",
          "checksum": "efe8410cd0f92023ccc06a8c2ba6f95a"
        },
        {
          "type": "image",
          "assetId": "kGMclZFzT",
          "checksum": "3647e0019e8abc6ea41e9721a0416ee9"
        },
        {
          "type": "image",
          "assetId": "qxIwzn5i1",
          "checksum": "e1797a6524913be957582437b34be1e9"
        },
        {
          "type": "image",
          "assetId": "LkwPOjKxy",
          "checksum": "d227b2c430b1e1478c80784924abd178"
        },
        {
          "type": "image",
          "assetId": "IEn8etfHm",
          "checksum": "ba6b93c41f8990a46039d5d3b1b718e4"
        },
        {
          "type": "image",
          "assetId": "AZ4IN2DTR",
          "checksum": "578c3262b328ed936e4569a539bf9406"
        },
        {
          "type": "image",
          "assetId": "f80e6dJJZ",
          "checksum": "af7562fcf6a812805da9abdde1177e94"
        },
        {
          "type": "image",
          "assetId": "Zsq0V2qc2",
          "checksum": "132b88e5f4aa394188a1f64d9ef26cfe"
        },
        {
          "type": "image",
          "assetId": "vGNLkURj1",
          "checksum": "3fd35f8858be36125d7744253acbe231"
        },
        {
          "type": "image",
          "assetId": "go5il69J_",
          "checksum": "aab03e3a2ace54669305040bd0f83f06"
        },
        {
          "type": "image",
          "assetId": "sDDTfBAhq",
          "checksum": "c46abafa79bcd51cf7973f7a3f55b831"
        },
        {
          "type": "image",
          "assetId": "-Lv6S5guM",
          "checksum": "6938c48a2b2513a6b1c92a1f2e1f7692"
        },
        {
          "assetId": "fFJHtbGqcaWW2c2Nmp4MzF",
          "type": "projectCss",
          "checksum": "f0e94e21e3c946041d5ab1bb064480af"
        }
      ],
      "codegenVersion": "0.0.1"
    }
  ],
  "cliVersion": "0.1.186"
}
